
Microsoft Visual Studio Solution File, Format Version 12.00
# Visual Studio Version 17
VisualStudioVersion = 17.4.33110.190
MinimumVisualStudioVersion = 10.0.40219.1
Project("{FAE04EC0-301F-11D3-BF4B-00C04F79EFBC}") = "ManageStudentsProject", "..\ManageStudentsProject\ManageStudentsProject.csproj", "{B3FA27B2-E090-4B71-8E24-BEDADF2F1657}"
EndProject
Project("{FAE04EC0-301F-11D3-BF4B-00C04F79EFBC}") = "ManageStudents.Infrastructure", "..\MangeStudents.Infrastructure\ManageStudents.Infrastructure.csproj", "{E4599B10-6916-46DE-9ACE-88856F8909F8}"
EndProject
Global
	GlobalSection(SolutionConfigurationPlatforms) = preSolution
		Debug|Any CPU = Debug|Any CPU
		Release|Any CPU = Release|Any CPU
	EndGlobalSection
	GlobalSection(ProjectConfigurationPlatforms) = postSolution
		{B3FA27B2-E090-4B71-8E24-BEDADF2F1657}.Debug|Any CPU.ActiveCfg = Debug|Any CPU
		{B3FA27B2-E090-4B71-8E24-BEDADF2F1657}.Debug|Any CPU.Build.0 = Debug|Any CPU
		{B3FA27B2-E090-4B71-8E24-BEDADF2F1657}.Release|Any CPU.ActiveCfg = Release|Any CPU
		{B3FA27B2-E090-4B71-8E24-BEDADF2F1657}.Release|Any CPU.Build.0 = Release|Any CPU
		{E4599B10-6916-46DE-9ACE-88856F8909F8}.Debug|Any CPU.ActiveCfg = Debug|Any CPU
		{E4599B10-6916-46DE-9ACE-88856F8909F8}.Debug|Any CPU.Build.0 = Debug|Any CPU
		{E4599B10-6916-46DE-9ACE-88856F8909F8}.Release|Any CPU.ActiveCfg = Release|Any CPU
		{E4599B10-6916-46DE-9ACE-88856F8909F8}.Release|Any CPU.Build.0 = Release|Any CPU
	EndGlobalSection
	GlobalSection(SolutionProperties) = preSolution
		HideSolutionNode = FALSE
	EndGlobalSection
	GlobalSection(ExtensibilityGlobals) = postSolution
		SolutionGuid = {A51C94D0-E162-4AAF-B1BB-6509A249E537}
	EndGlobalSection
EndGlobal
